<?xml version="1.0" encoding="utf-8"?>
<Project ToolsVersion="4.0" xmlns="http://schemas.microsoft.com/developer/msbuild/2003">
  <ItemGroup>
    <Filter Include="Source Files">
      <UniqueIdentifier>{4FC737F1-C7A5-4376-A066-2A32D752A2FF}</UniqueIdentifier>
      <Extensions>cpp;c;cc;cxx;def;odl;idl;hpj;bat;asm;asmx</Extensions>
    </Filter>
    <Filter Include="Header Files">
      <UniqueIdentifier>{93995380-89BD-4b04-88EB-625FBE52EBFB}</UniqueIdentifier>
      <Extensions>h;hh;hpp;hxx;hm;inl;inc;ipp;xsd</Extensions>
    </Filter>
    <Filter Include="Resource Files">
      <UniqueIdentifier>{67DA6AB6-F800-4c08-8B7A-83BB121AAD01}</UniqueIdentifier>
      <Extensions>rc;ico;cur;bmp;dlg;rc2;rct;bin;rgs;gif;jpg;jpeg;jpe;resx;tiff;tif;png;wav;mfcribbon-ms</Extensions>
    </Filter>
    <Filter Include="Framework">
      <UniqueIdentifier>{f2badd73-2c61-4d1a-996c-51af9b66bfe4}</UniqueIdentifier>
    </Filter>
    <Filter Include="Header Files\UI">
      <UniqueIdentifier>{9d0942a5-2249-44f3-9615-05afcd30117c}</UniqueIdentifier>
    </Filter>
    <Filter Include="Header Files\Map">
      <UniqueIdentifier>{48af589c-fda4-4fd9-81d2-ba3892f0a4b7}</UniqueIdentifier>
    </Filter>
    <Filter Include="Header Files\Entities">
      <UniqueIdentifier>{4d45c616-eb99-4c04-afe8-7a5655cc4aff}</UniqueIdentifier>
    </Filter>
    <Filter Include="Source Files\UI">
      <UniqueIdentifier>{af5c022f-ee6a-4f78-b3ff-ddf8a1ee5ea1}</UniqueIdentifier>
    </Filter>
    <Filter Include="Source Files\Map">
      <UniqueIdentifier>{8be6cf31-27bd-43e9-b8cb-bb3abe9f503a}</UniqueIdentifier>
    </Filter>
    <Filter Include="Source Files\Entities">
      <UniqueIdentifier>{faa64b06-c766-47a4-bff1-9efdf7cf7f5e}</UniqueIdentifier>
    </Filter>
  </ItemGroup>
  <ItemGroup>
    <ClCompile Include="Main.cpp">
      <Filter>Source Files</Filter>
    </ClCompile>
    <ClCompile Include="Framework\Animation.cpp">
      <Filter>Framework</Filter>
    </ClCompile>
    <ClCompile Include="Framework\Collision.cpp">
      <Filter>Framework</Filter>
    </ClCompile>
    <ClCompile Include="Framework\GameState.cpp">
      <Filter>Framework</Filter>
    </ClCompile>
    <ClCompile Include="Framework\Input.cpp">
      <Filter>Framework</Filter>
    </ClCompile>
    <ClCompile Include="Framework\TileMap.cpp">
      <Filter>Framework</Filter>
    </ClCompile>
    <ClCompile Include="Level.cpp">
      <Filter>Source Files</Filter>
    </ClCompile>
    <ClCompile Include="Framework\AudioManager.cpp">
      <Filter>Framework</Filter>
    </ClCompile>
    <ClCompile Include="Framework\MusicObject.cpp">
      <Filter>Framework</Filter>
    </ClCompile>
    <ClCompile Include="Framework\SoundObject.cpp">
      <Filter>Framework</Filter>
    </ClCompile>
    <ClCompile Include="Framework\GameObject.cpp">
      <Filter>Framework</Filter>
    </ClCompile>
    <ClCompile Include="Framework\BaseLevel.cpp">
      <Filter>Framework</Filter>
    </ClCompile>
    <ClCompile Include="Framework\VectorHelper.cpp">
      <Filter>Framework</Filter>
    </ClCompile>
    <ClCompile Include="Wall.cpp">
      <Filter>Source Files\Map</Filter>
    </ClCompile>
    <ClCompile Include="tiles_Map.cpp">
      <Filter>Source Files\Map</Filter>
    </ClCompile>
    <ClCompile Include="tile_Single.cpp">
      <Filter>Source Files\Map</Filter>
    </ClCompile>
    <ClCompile Include="Diagonal.cpp">
      <Filter>Source Files\Map</Filter>
    </ClCompile>
    <ClCompile Include="Animal.cpp">
      <Filter>Source Files\Entities</Filter>
    </ClCompile>
    <ClCompile Include="Crop.cpp">
      <Filter>Source Files\Entities</Filter>
    </ClCompile>
    <ClCompile Include="Door.cpp">
      <Filter>Source Files\Entities</Filter>
    </ClCompile>
    <ClCompile Include="Family.cpp">
      <Filter>Source Files\Entities</Filter>
    </ClCompile>
    <ClCompile Include="Field.cpp">
      <Filter>Source Files\Entities</Filter>
    </ClCompile>
    <ClCompile Include="Interactable.cpp">
      <Filter>Source Files\Entities</Filter>
    </ClCompile>
    <ClCompile Include="Player.cpp">
      <Filter>Source Files\Entities</Filter>
    </ClCompile>
    <ClCompile Include="Vendor.cpp">
      <Filter>Source Files\Entities</Filter>
    </ClCompile>
    <ClCompile Include="Button.cpp">
      <Filter>Source Files\UI</Filter>
    </ClCompile>
    <ClCompile Include="Cursor.cpp">
      <Filter>Source Files\UI</Filter>
    </ClCompile>
    <ClCompile Include="Inventory.cpp">
      <Filter>Source Files\UI</Filter>
    </ClCompile>
    <ClCompile Include="Item.cpp">
      <Filter>Source Files\UI</Filter>
    </ClCompile>
    <ClCompile Include="Menu.cpp">
      <Filter>Source Files\UI</Filter>
    </ClCompile>
    <ClCompile Include="Save.cpp">
      <Filter>Source Files\UI</Filter>
    </ClCompile>
    <ClCompile Include="Room.cpp">
      <Filter>Source Files\Map</Filter>
    </ClCompile>
  </ItemGroup>
  <ItemGroup>
    <Text Include="README.txt">
      <Filter>Framework</Filter>
    </Text>
    <Text Include="DO_NOT_EDIT.txt">
      <Filter>Framework</Filter>
    </Text>
  </ItemGroup>
  <ItemGroup>
    <ClInclude Include="Framework\Animation.h">
      <Filter>Framework</Filter>
    </ClInclude>
    <ClInclude Include="Framework\Collision.h">
      <Filter>Framework</Filter>
    </ClInclude>
    <ClInclude Include="Framework\GameState.h">
      <Filter>Framework</Filter>
    </ClInclude>
    <ClInclude Include="Framework\Input.h">
      <Filter>Framework</Filter>
    </ClInclude>
    <ClInclude Include="Framework\TileMap.h">
      <Filter>Framework</Filter>
    </ClInclude>
    <ClInclude Include="Level.h">
      <Filter>Header Files</Filter>
    </ClInclude>
    <ClInclude Include="Framework\AudioManager.h">
      <Filter>Framework</Filter>
    </ClInclude>
    <ClInclude Include="Framework\MusicObject.h">
      <Filter>Framework</Filter>
    </ClInclude>
    <ClInclude Include="Framework\SoundObject.h">
      <Filter>Framework</Filter>
    </ClInclude>
    <ClInclude Include="Framework\GameObject.h">
      <Filter>Framework</Filter>
    </ClInclude>
    <ClInclude Include="Framework\BaseLevel.h">
      <Filter>Framework</Filter>
    </ClInclude>
    <ClInclude Include="Framework\VectorHelper.h">
      <Filter>Framework</Filter>
    </ClInclude>
    <ClInclude Include="Animal.h">
      <Filter>Header Files\Entities</Filter>
    </ClInclude>
    <ClInclude Include="Crop.h">
      <Filter>Header Files\Entities</Filter>
    </ClInclude>
    <ClInclude Include="Door.h">
      <Filter>Header Files\Entities</Filter>
    </ClInclude>
    <ClInclude Include="Family.h">
      <Filter>Header Files\Entities</Filter>
    </ClInclude>
    <ClInclude Include="Field.h">
      <Filter>Header Files\Entities</Filter>
    </ClInclude>
    <ClInclude Include="Interactable.h">
      <Filter>Header Files\Entities</Filter>
    </ClInclude>
    <ClInclude Include="Vendor.h">
      <Filter>Header Files\Entities</Filter>
    </ClInclude>
    <ClInclude Include="Player.h">
      <Filter>Header Files\Entities</Filter>
    </ClInclude>
    <ClInclude Include="Wall.h">
      <Filter>Header Files\Map</Filter>
    </ClInclude>
    <ClInclude Include="tile_Single.h">
      <Filter>Header Files\Map</Filter>
    </ClInclude>
    <ClInclude Include="tiles_Map.h">
      <Filter>Header Files\Map</Filter>
    </ClInclude>
    <ClInclude Include="Diagonal.h">
      <Filter>Header Files\Map</Filter>
    </ClInclude>
    <ClInclude Include="Save.h">
      <Filter>Header Files\UI</Filter>
    </ClInclude>
    <ClInclude Include="Cursor.h">
      <Filter>Header Files\UI</Filter>
    </ClInclude>
    <ClInclude Include="Inventory.h">
      <Filter>Header Files\UI</Filter>
    </ClInclude>
    <ClInclude Include="Item.h">
      <Filter>Header Files\UI</Filter>
    </ClInclude>
    <ClInclude Include="Menu.h">
      <Filter>Header Files\UI</Filter>
    </ClInclude>
    <ClInclude Include="Room.h">
      <Filter>Header Files\Map</Filter>
    </ClInclude>
    <ClInclude Include="Button.h">
      <Filter>Header Files\UI</Filter>
    </ClInclude>
  </ItemGroup>
</Project>